
Microsoft Visual Studio Solution File, Format Version 12.00
# Visual Studio 15
VisualStudioVersion = 15.0.27703.2000
MinimumVisualStudioVersion = 10.0.40219.1
Project("{FAE04EC0-301F-11D3-BF4B-00C04F79EFBC}") = "RotationOfArray", "RotationOfArray\RotationOfArray.csproj", "{5524FC5A-3E5C-429B-90C2-8FAE18705E0D}"
EndProject
Global
	GlobalSection(SolutionConfigurationPlatforms) = preSolution
		Debug|Any CPU = Debug|Any CPU
		Release|Any CPU = Release|Any CPU
	EndGlobalSection
	GlobalSection(ProjectConfigurationPlatforms) = postSolution
		{5524FC5A-3E5C-429B-90C2-8FAE18705E0D}.Debug|Any CPU.ActiveCfg = Debug|Any CPU
		{5524FC5A-3E5C-429B-90C2-8FAE18705E0D}.Debug|Any CPU.Build.0 = Debug|Any CPU
		{5524FC5A-3E5C-429B-90C2-8FAE18705E0D}.Release|Any CPU.ActiveCfg = Release|Any CPU
		{5524FC5A-3E5C-429B-90C2-8FAE18705E0D}.Release|Any CPU.Build.0 = Release|Any CPU
	EndGlobalSection
	GlobalSection(SolutionProperties) = preSolution
		HideSolutionNode = FALSE
	EndGlobalSection
	GlobalSection(ExtensibilityGlobals) = postSolution
		SolutionGuid = {68731421-3DEC-43CB-A416-A607AC7AA0E8}
	EndGlobalSection
EndGlobal
